// !$*UTF8*$!
{
	archiveVersion = 1;
	classes = {
	};
	objectVersion = 50;
	objects = {

/* Begin PBXBuildFile section */
		682059002516F548003F9BB5 /* AppDelegate.swift in Sources */ = {isa = PBXBuildFile; fileRef = 682058FF2516F548003F9BB5 /* AppDelegate.swift */; };
		682059022516F548003F9BB5 /* SceneDelegate.swift in Sources */ = {isa = PBXBuildFile; fileRef = 682059012516F548003F9BB5 /* SceneDelegate.swift */; };
		682059042516F548003F9BB5 /* ViewController.swift in Sources */ = {isa = PBXBuildFile; fileRef = 682059032516F548003F9BB5 /* ViewController.swift */; };
		682059072516F548003F9BB5 /* Main.storyboard in Resources */ = {isa = PBXBuildFile; fileRef = 682059052516F548003F9BB5 /* Main.storyboard */; };
		682059092516F54A003F9BB5 /* Assets.xcassets in Resources */ = {isa = PBXBuildFile; fileRef = 682059082516F54A003F9BB5 /* Assets.xcassets */; };
		6820590C2516F54A003F9BB5 /* LaunchScreen.storyboard in Resources */ = {isa = PBXBuildFile; fileRef = 6820590A2516F54A003F9BB5 /* LaunchScreen.storyboard */; };
		682059172516F54A003F9BB5 /* TechtaGramTests.swift in Sources */ = {isa = PBXBuildFile; fileRef = 682059162516F54A003F9BB5 /* TechtaGramTests.swift */; };
		682059222516F54A003F9BB5 /* TechtaGramUITests.swift in Sources */ = {isa = PBXBuildFile; fileRef = 682059212516F54A003F9BB5 /* TechtaGramUITests.swift */; };
/* End PBXBuildFile section */

/* Begin PBXContainerItemProxy section */
		682059132516F54A003F9BB5 /* PBXContainerItemProxy */ = {
			isa = PBXContainerItemProxy;
			containerPortal = 682058F42516F548003F9BB5 /* Project object */;
			proxyType = 1;
			remoteGlobalIDString = 682058FB2516F548003F9BB5;
			remoteInfo = TechtaGram;
		};
		6820591E2516F54A003F9BB5 /* PBXContainerItemProxy */ = {
			isa = PBXContainerItemProxy;
			containerPortal = 682058F42516F548003F9BB5 /* Project object */;
			proxyType = 1;
			remoteGlobalIDString = 682058FB2516F548003F9BB5;
			remoteInfo = TechtaGram;
		};
/* End PBXContainerItemProxy section */

/* Begin PBXFileReference section */
		682058FC2516F548003F9BB5 /* TechtaGram.app */ = {isa = PBXFileReference; explicitFileType = wrapper.application; includeInIndex = 0; path = TechtaGram.app; sourceTree = BUILT_PRODUCTS_DIR; };
		682058FF2516F548003F9BB5 /* AppDelegate.swift */ = {isa = PBXFileReference; lastKnownFileType = sourcecode.swift; path = AppDelegate.swift; sourceTree = "<group>"; };
		682059012516F548003F9BB5 /* SceneDelegate.swift */ = {isa = PBXFileReference; lastKnownFileType = sourcecode.swift; path = SceneDelegate.swift; sourceTree = "<group>"; };
		682059032516F548003F9BB5 /* ViewController.swift */ = {isa = PBXFileReference; lastKnownFileType = sourcecode.swift; path = ViewController.swift; sourceTree = "<group>"; };
		682059062516F548003F9BB5 /* Base */ = {isa = PBXFileReference; lastKnownFileType = file.storyboard; name = Base; path = Base.lproj/Main.storyboard; sourceTree = "<group>"; };
		682059082516F54A003F9BB5 /* Assets.xcassets */ = {isa = PBXFileReference; lastKnownFileType = folder.assetcatalog; path = Assets.xcassets; sourceTree = "<group>"; };
		6820590B2516F54A003F9BB5 /* Base */ = {isa = PBXFileReference; lastKnownFileType = file.storyboard; name = Base; path = Base.lproj/LaunchScreen.storyboard; sourceTree = "<group>"; };
		6820590D2516F54A003F9BB5 /* Info.plist */ = {isa = PBXFileReference; lastKnownFileType = text.plist.xml; path = Info.plist; sourceTree = "<group>"; };
		682059122516F54A003F9BB5 /* TechtaGramTests.xctest */ = {isa = PBXFileReference; explicitFileType = wrapper.cfbundle; includeInIndex = 0; path = TechtaGramTests.xctest; sourceTree = BUILT_PRODUCTS_DIR; };
		682059162516F54A003F9BB5 /* TechtaGramTests.swift */ = {isa = PBXFileReference; lastKnownFileType = sourcecode.swift; path = TechtaGramTests.swift; sourceTree = "<group>"; };
		682059182516F54A003F9BB5 /* Info.plist */ = {isa = PBXFileReference; lastKnownFileType = text.plist.xml; path = Info.plist; sourceTree = "<group>"; };
		6820591D2516F54A003F9BB5 /* TechtaGramUITests.xctest */ = {isa = PBXFileReference; explicitFileType = wrapper.cfbundle; includeInIndex = 0; path = TechtaGramUITests.xctest; sourceTree = BUILT_PRODUCTS_DIR; };
		682059212516F54A003F9BB5 /* TechtaGramUITests.swift */ = {isa = PBXFileReference; lastKnownFileType = sourcecode.swift; path = TechtaGramUITests.swift; sourceTree = "<group>"; };
		682059232516F54A003F9BB5 /* Info.plist */ = {isa = PBXFileReference; lastKnownFileType = text.plist.xml; path = Info.plist; sourceTree = "<group>"; };
/* End PBXFileReference section */

/* Begin PBXFrameworksBuildPhase section */
		682058F92516F548003F9BB5 /* Frameworks */ = {
			isa = PBXFrameworksBuildPhase;
			buildActionMask = 2147483647;
			files = (
			);
			runOnlyForDeploymentPostprocessing = 0;
		};
		6820590F2516F54A003F9BB5 /* Frameworks */ = {
			isa = PBXFrameworksBuildPhase;
			buildActionMask = 2147483647;
			files = (
			);
			runOnlyForDeploymentPostprocessing = 0;
		};
		6820591A2516F54A003F9BB5 /* Frameworks */ = {
			isa = PBXFrameworksBuildPhase;
			buildActionMask = 2147483647;
			files = (
			);
			runOnlyForDeploymentPostprocessing = 0;
		};
/* End PBXFrameworksBuildPhase section */

/* Begin PBXGroup section */
		682058F32516F548003F9BB5 = {
			isa = PBXGroup;
			children = (
				682058FE2516F548003F9BB5 /* TechtaGram */,
				682059152516F54A003F9BB5 /* TechtaGramTests */,
				682059202516F54A003F9BB5 /* TechtaGramUITests */,
				682058FD2516F548003F9BB5 /* Products */,
			);
			sourceTree = "<group>";
		};
		682058FD2516F548003F9BB5 /* Products */ = {
			isa = PBXGroup;
			children = (
				682058FC2516F548003F9BB5 /* TechtaGram.app */,
				682059122516F54A003F9BB5 /* TechtaGramTests.xctest */,
				6820591D2516F54A003F9BB5 /* TechtaGramUITests.xctest */,
			);
			name = Products;
			sourceTree = "<group>";
		};
		682058FE2516F548003F9BB5 /* TechtaGram */ = {
			isa = PBXGroup;
			children = (
				682058FF2516F548003F9BB5 /* AppDelegate.swift */,
				682059012516F548003F9BB5 /* SceneDelegate.swift */,
				682059032516F548003F9BB5 /* ViewController.swift */,
				682059052516F548003F9BB5 /* Main.storyboard */,
				682059082516F54A003F9BB5 /* Assets.xcassets */,
				6820590A2516F54A003F9BB5 /* LaunchScreen.storyboard */,
				6820590D2516F54A003F9BB5 /* Info.plist */,
			);
			path = TechtaGram;
			sourceTree = "<group>";
		};
		682059152516F54A003F9BB5 /* TechtaGramTests */ = {
			isa = PBXGroup;
			children = (
				682059162516F54A003F9BB5 /* TechtaGramTests.swift */,
				682059182516F54A003F9BB5 /* Info.plist */,
			);
			path = TechtaGramTests;
			sourceTree = "<group>";
		};
		682059202516F54A003F9BB5 /* TechtaGramUITests */ = {
			isa = PBXGroup;
			children = (
				682059212516F54A003F9BB5 /* TechtaGramUITests.swift */,
				682059232516F54A003F9BB5 /* Info.plist */,
			);
			path = TechtaGramUITests;
			sourceTree = "<group>";
		};
/* End PBXGroup section */

/* Begin PBXNativeTarget section */
		682058FB2516F548003F9BB5 /* TechtaGram */ = {
			isa = PBXNativeTarget;
			buildConfigurationList = 682059262516F54A003F9BB5 /* Build configuration list for PBXNativeTarget "TechtaGram" */;
			buildPhases = (
				682058F82516F548003F9BB5 /* Sources */,
				682058F92516F548003F9BB5 /* Frameworks */,
				682058FA2516F548003F9BB5 /* Resources */,
			);
			buildRules = (
			);
			dependencies = (
			);
			name = TechtaGram;
			productName = TechtaGram;
			productReference = 682058FC2516F548003F9BB5 /* TechtaGram.app */;
			productType = "com.apple.product-type.application";
		};
		682059112516F54A003F9BB5 /* TechtaGramTests */ = {
			isa = PBXNativeTarget;
			buildConfigurationList = 682059292516F54A003F9BB5 /* Build configuration list for PBXNativeTarget "TechtaGramTests" */;
			buildPhases = (
				6820590E2516F54A003F9BB5 /* Sources */,
				6820590F2516F54A003F9BB5 /* Frameworks */,
				682059102516F54A003F9BB5 /* Resources */,
			);
			buildRules = (
			);
			dependencies = (
				682059142516F54A003F9BB5 /* PBXTargetDependency */,
			);
			name = TechtaGramTests;
			productName = TechtaGramTests;
			productReference = 682059122516F54A003F9BB5 /* TechtaGramTests.xctest */;
			productType = "com.apple.product-type.bundle.unit-test";
		};
		6820591C2516F54A003F9BB5 /* TechtaGramUITests */ = {
			isa = PBXNativeTarget;
			buildConfigurationList = 6820592C2516F54A003F9BB5 /* Build configuration list for PBXNativeTarget "TechtaGramUITests" */;
			buildPhases = (
				682059192516F54A003F9BB5 /* Sources */,
				6820591A2516F54A003F9BB5 /* Frameworks */,
				6820591B2516F54A003F9BB5 /* Resources */,
			);
			buildRules = (
			);
			dependencies = (
				6820591F2516F54A003F9BB5 /* PBXTargetDependency */,
			);
			name = TechtaGramUITests;
			productName = TechtaGramUITests;
			productReference = 6820591D2516F54A003F9BB5 /* TechtaGramUITests.xctest */;
			productType = "com.apple.product-type.bundle.ui-testing";
		};
/* End PBXNativeTarget section */

/* Begin PBXProject section */
		682058F42516F548003F9BB5 /* Project object */ = {
			isa = PBXProject;
			attributes = {
				LastSwiftUpdateCheck = 1200;
				LastUpgradeCheck = 1200;
				TargetAttributes = {
					682058FB2516F548003F9BB5 = {
						CreatedOnToolsVersion = 12.0;
					};
					682059112516F54A003F9BB5 = {
						CreatedOnToolsVersion = 12.0;
						TestTargetID = 682058FB2516F548003F9BB5;
					};
					6820591C2516F54A003F9BB5 = {
						CreatedOnToolsVersion = 12.0;
						TestTargetID = 682058FB2516F548003F9BB5;
					};
				};
			};
			buildConfigurationList = 682058F72516F548003F9BB5 /* Build configuration list for PBXProject "TechtaGram" */;
			compatibilityVersion = "Xcode 9.3";
			developmentRegion = en;
			hasScannedForEncodings = 0;
			knownRegions = (
				en,
				Base,
			);
			mainGroup = 682058F32516F548003F9BB5;
			productRefGroup = 682058FD2516F548003F9BB5 /* Products */;
			projectDirPath = "";
			projectRoot = "";
			targets = (
				682058FB2516F548003F9BB5 /* TechtaGram */,
				682059112516F54A003F9BB5 /* TechtaGramTests */,
				6820591C2516F54A003F9BB5 /* TechtaGramUITests */,
			);
		};
/* End PBXProject section */

/* Begin PBXResourcesBuildPhase section */
		682058FA2516F548003F9BB5 /* Resources */ = {
			isa = PBXResourcesBuildPhase;
			buildActionMask = 2147483647;
			files = (
				6820590C2516F54A003F9BB5 /* LaunchScreen.storyboard in Resources */,
				682059092516F54A003F9BB5 /* Assets.xcassets in Resources */,
				682059072516F548003F9BB5 /* Main.storyboard in Resources */,
			);
			runOnlyForDeploymentPostprocessing = 0;
		};
		682059102516F54A003F9BB5 /* Resources */ = {
			isa = PBXResourcesBuildPhase;
			buildActionMask = 2147483647;
			files = (
			);
			runOnlyForDeploymentPostprocessing = 0;
		};
		6820591B2516F54A003F9BB5 /* Resources */ = {
			isa = PBXResourcesBuildPhase;
			buildActionMask = 2147483647;
			files = (
			);
			runOnlyForDeploymentPostprocessing = 0;
		};
/* End PBXResourcesBuildPhase section */

/* Begin PBXSourcesBuildPhase section */
		682058F82516F548003F9BB5 /* Sources */ = {
			isa = PBXSourcesBuildPhase;
			buildActionMask = 2147483647;
			files = (
				682059042516F548003F9BB5 /* ViewController.swift in Sources */,
				682059002516F548003F9BB5 /* AppDelegate.swift in Sources */,
				682059022516F548003F9BB5 /* SceneDelegate.swift in Sources */,
			);
			runOnlyForDeploymentPostprocessing = 0;
		};
		6820590E2516F54A003F9BB5 /* Sources */ = {
			isa = PBXSourcesBuildPhase;
			buildActionMask = 2147483647;
			files = (
				682059172516F54A003F9BB5 /* TechtaGramTests.swift in Sources */,
			);
			runOnlyForDeploymentPostprocessing = 0;
		};
		682059192516F54A003F9BB5 /* Sources */ = {
			isa = PBXSourcesBuildPhase;
			buildActionMask = 2147483647;
			files = (
				682059222516F54A003F9BB5 /* TechtaGramUITests.swift in Sources */,
			);
			runOnlyForDeploymentPostprocessing = 0;
		};
/* End PBXSourcesBuildPhase section */

/* Begin PBXTargetDependency section */
		682059142516F54A003F9BB5 /* PBXTargetDependency */ = {
			isa = PBXTargetDependency;
			target = 682058FB2516F548003F9BB5 /* TechtaGram */;
			targetProxy = 682059132516F54A003F9BB5 /* PBXContainerItemProxy */;
		};
		6820591F2516F54A003F9BB5 /* PBXTargetDependency */ = {
			isa = PBXTargetDependency;
			target = 682058FB2516F548003F9BB5 /* TechtaGram */;
			targetProxy = 6820591E2516F54A003F9BB5 /* PBXContainerItemProxy */;
		};
/* End PBXTargetDependency section */

/* Begin PBXVariantGroup section */
		682059052516F548003F9BB5 /* Main.storyboard */ = {
			isa = PBXVariantGroup;
			children = (
				682059062516F548003F9BB5 /* Base */,
			);
			name = Main.storyboard;
			sourceTree = "<group>";
		};
		6820590A2516F54A003F9BB5 /* LaunchScreen.storyboard */ = {
			isa = PBXVariantGroup;
			children = (
				6820590B2516F54A003F9BB5 /* Base */,
			);
			name = LaunchScreen.storyboard;
			sourceTree = "<group>";
		};
/* End PBXVariantGroup section */

/* Begin XCBuildConfiguration section */
		682059242516F54A003F9BB5 /* Debug */ = {
			isa = XCBuildConfiguration;
			buildSettings = {
				ALWAYS_SEARCH_USER_PATHS = NO;
				CLANG_ANALYZER_NONNULL = YES;
				CLANG_ANALYZER_NUMBER_OBJECT_CONVERSION = YES_AGGRESSIVE;
				CLANG_CXX_LANGUAGE_STANDARD = "gnu++14";
				CLANG_CXX_LIBRARY = "libc++";
				CLANG_ENABLE_MODULES = YES;
				CLANG_ENABLE_OBJC_ARC = YES;
				CLANG_ENABLE_OBJC_WEAK = YES;
				CLANG_WARN_BLOCK_CAPTURE_AUTORELEASING = YES;
				CLANG_WARN_BOOL_CONVERSION = YES;
				CLANG_WARN_COMMA = YES;
				CLANG_WARN_CONSTANT_CONVERSION = YES;
				CLANG_WARN_DEPRECATED_OBJC_IMPLEMENTATIONS = YES;
				CLANG_WARN_DIRECT_OBJC_ISA_USAGE = YES_ERROR;
				CLANG_WARN_DOCUMENTATION_COMMENTS = YES;
				CLANG_WARN_EMPTY_BODY = YES;
				CLANG_WARN_ENUM_CONVERSION = YES;
				CLANG_WARN_INFINITE_RECURSION = YES;
				CLANG_WARN_INT_CONVERSION = YES;
				CLANG_WARN_NON_LITERAL_NULL_CONVERSION = YES;
				CLANG_WARN_OBJC_IMPLICIT_RETAIN_SELF = YES;
				CLANG_WARN_OBJC_LITERAL_CONVERSION = YES;
				CLANG_WARN_OBJC_ROOT_CLASS = YES_ERROR;
				CLANG_WARN_QUOTED_INCLUDE_IN_FRAMEWORK_HEADER = YES;
				CLANG_WARN_RANGE_LOOP_ANALYSIS = YES;
				CLANG_WARN_STRICT_PROTOTYPES = YES;
				CLANG_WARN_SUSPICIOUS_MOVE = YES;
				CLANG_WARN_UNGUARDED_AVAILABILITY = YES_AGGRESSIVE;
				CLANG_WARN_UNREACHABLE_CODE = YES;
				CLANG_WARN__DUPLICATE_METHOD_MATCH = YES;
				COPY_PHASE_STRIP = NO;
				DEBUG_INFORMATION_FORMAT = dwarf;
				ENABLE_STRICT_OBJC_MSGSEND = YES;
				ENABLE_TESTABILITY = YES;
				GCC_C_LANGUAGE_STANDARD = gnu11;
				GCC_DYNAMIC_NO_PIC = NO;
				GCC_NO_COMMON_BLOCKS = YES;
				GCC_OPTIMIZATION_LEVEL = 0;
				GCC_PREPROCESSOR_DEFINITIONS = (
					"DEBUG=1",
					"$(inherited)",
				);
				GCC_WARN_64_TO_32_BIT_CONVERSION = YES;
				GCC_WARN_ABOUT_RETURN_TYPE = YES_ERROR;
				GCC_WARN_UNDECLARED_SELECTOR = YES;
				GCC_WARN_UNINITIALIZED_AUTOS = YES_AGGRESSIVE;
				GCC_WARN_UNUSED_FUNCTION = YES;
				GCC_WARN_UNUSED_VARIABLE = YES;
				IPHONEOS_DEPLOYMENT_TARGET = 14.0;
				MTL_ENABLE_DEBUG_INFO = INCLUDE_SOURCE;
				MTL_FAST_MATH = YES;
				ONLY_ACTIVE_ARCH = YES;
				SDKROOT = iphoneos;
				SWIFT_ACTIVE_COMPILATION_CONDITIONS = DEBUG;
				SWIFT_OPTIMIZATION_LEVEL = "-Onone";
			};
			name = Debug;
		};
		682059252516F54A003F9BB5 /* Release */ = {
			isa = XCBuildConfiguration;
			buildSettings = {
				ALWAYS_SEARCH_USER_PATHS = NO;
				CLANG_ANALYZER_NONNULL = YES;
				CLANG_ANALYZER_NUMBER_OBJECT_CONVERSION = YES_AGGRESSIVE;
				CLANG_CXX_LANGUAGE_STANDARD = "gnu++14";
				CLANG_CXX_LIBRARY = "libc++";
				CLANG_ENABLE_MODULES = YES;
				CLANG_ENABLE_OBJC_ARC = YES;
				CLANG_ENABLE_OBJC_WEAK = YES;
				CLANG_WARN_BLOCK_CAPTURE_AUTORELEASING = YES;
				CLANG_WARN_BOOL_CONVERSION = YES;
				CLANG_WARN_COMMA = YES;
				CLANG_WARN_CONSTANT_CONVERSION = YES;
				CLANG_WARN_DEPRECATED_OBJC_IMPLEMENTATIONS = YES;
				CLANG_WARN_DIRECT_OBJC_ISA_USAGE = YES_ERROR;
				CLANG_WARN_DOCUMENTATION_COMMENTS = YES;
				CLANG_WARN_EMPTY_BODY = YES;
				CLANG_WARN_ENUM_CONVERSION = YES;
				CLANG_WARN_INFINITE_RECURSION = YES;
				CLANG_WARN_INT_CONVERSION = YES;
				CLANG_WARN_NON_LITERAL_NULL_CONVERSION = YES;
				CLANG_WARN_OBJC_IMPLICIT_RETAIN_SELF = YES;
				CLANG_WARN_OBJC_LITERAL_CONVERSION = YES;
				CLANG_WARN_OBJC_ROOT_CLASS = YES_ERROR;
				CLANG_WARN_QUOTED_INCLUDE_IN_FRAMEWORK_HEADER = YES;
				CLANG_WARN_RANGE_LOOP_ANALYSIS = YES;
				CLANG_WARN_STRICT_PROTOTYPES = YES;
				CLANG_WARN_SUSPICIOUS_MOVE = YES;
				CLANG_WARN_UNGUARDED_AVAILABILITY = YES_AGGRESSIVE;
				CLANG_WARN_UNREACHABLE_CODE = YES;
				CLANG_WARN__DUPLICATE_METHOD_MATCH = YES;
				COPY_PHASE_STRIP = NO;
				DEBUG_INFORMATION_FORMAT = "dwarf-with-dsym";
				ENABLE_NS_ASSERTIONS = NO;
				ENABLE_STRICT_OBJC_MSGSEND = YES;
				GCC_C_LANGUAGE_STANDARD = gnu11;
				GCC_NO_COMMON_BLOCKS = YES;
				GCC_WARN_64_TO_32_BIT_CONVERSION = YES;
				GCC_WARN_ABOUT_RETURN_TYPE = YES_ERROR;
				GCC_WARN_UNDECLARED_SELECTOR = YES;
				GCC_WARN_UNINITIALIZED_AUTOS = YES_AGGRESSIVE;
				GCC_WARN_UNUSED_FUNCTION = YES;
				GCC_WARN_UNUSED_VARIABLE = YES;
				IPHONEOS_DEPLOYMENT_TARGET = 14.0;
				MTL_ENABLE_DEBUG_INFO = NO;
				MTL_FAST_MATH = YES;
				SDKROOT = iphoneos;
				SWIFT_COMPILATION_MODE = wholemodule;
				SWIFT_OPTIMIZATION_LEVEL = "-O";
				VALIDATE_PRODUCT = YES;
			};
			name = Release;
		};
		682059272516F54A003F9BB5 /* Debug */ = {
			isa = XCBuildConfiguration;
			buildSettings = {
				ASSETCATALOG_COMPILER_APPICON_NAME = AppIcon;
				ASSETCATALOG_COMPILER_GLOBAL_ACCENT_COLOR_NAME = AccentColor;
				CODE_SIGN_STYLE = Automatic;
				DEVELOPMENT_TEAM = RLL2H735FU;
				INFOPLIST_FILE = TechtaGram/Info.plist;
				IPHONEOS_DEPLOYMENT_TARGET = 13.6;
				LD_RUNPATH_SEARCH_PATHS = (
					"$(inherited)",
					"@executable_path/Frameworks",
				);
				PRODUCT_BUNDLE_IDENTIFIER = app.kikawa.tatsuomi.TechtaGram;
				PRODUCT_NAME = "$(TARGET_NAME)";
				SWIFT_VERSION = 5.0;
				TARGETED_DEVICE_FAMILY = "1,2";
			};
			name = Debug;
		};
		682059282516F54A003F9BB5 /* Release */ = {
			isa = XCBuildConfiguration;
			buildSettings = {
				ASSETCATALOG_COMPILER_APPICON_NAME = AppIcon;
				ASSETCATALOG_COMPILER_GLOBAL_ACCENT_COLOR_NAME = AccentColor;
				CODE_SIGN_STYLE = Automatic;
				DEVELOPMENT_TEAM = RLL2H735FU;
				INFOPLIST_FILE = TechtaGram/Info.plist;
				IPHONEOS_DEPLOYMENT_TARGET = 13.6;
				LD_RUNPATH_SEARCH_PATHS = (
					"$(inherited)",
					"@executable_path/Frameworks",
				);
				PRODUCT_BUNDLE_IDENTIFIER = app.kikawa.tatsuomi.TechtaGram;
				PRODUCT_NAME = "$(TARGET_NAME)";
				SWIFT_VERSION = 5.0;
				TARGETED_DEVICE_FAMILY = "1,2";
			};
			name = Release;
		};
		6820592A2516F54A003F9BB5 /* Debug */ = {
			isa = XCBuildConfiguration;
			buildSettings = {
				ALWAYS_EMBED_SWIFT_STANDARD_LIBRARIES = YES;
				BUNDLE_LOADER = "$(TEST_HOST)";
				CODE_SIGN_STYLE = Automatic;
				INFOPLIST_FILE = TechtaGramTests/Info.plist;
				IPHONEOS_DEPLOYMENT_TARGET = 14.0;
				LD_RUNPATH_SEARCH_PATHS = (
					"$(inherited)",
					"@executable_path/Frameworks",
					"@loader_path/Frameworks",
				);
				PRODUCT_BUNDLE_IDENTIFIER = app.kikawa.tatsuomi.TechtaGramTests;
				PRODUCT_NAME = "$(TARGET_NAME)";
				SWIFT_VERSION = 5.0;
				TARGETED_DEVICE_FAMILY = "1,2";
				TEST_HOST = "$(BUILT_PRODUCTS_DIR)/TechtaGram.app/TechtaGram";
			};
			name = Debug;
		};
		6820592B2516F54A003F9BB5 /* Release */ = {
			isa = XCBuildConfiguration;
			buildSettings = {
				ALWAYS_EMBED_SWIFT_STANDARD_LIBRARIES = YES;
				BUNDLE_LOADER = "$(TEST_HOST)";
				CODE_SIGN_STYLE = Automatic;
				INFOPLIST_FILE = TechtaGramTests/Info.plist;
				IPHONEOS_DEPLOYMENT_TARGET = 14.0;
				LD_RUNPATH_SEARCH_PATHS = (
					"$(inherited)",
					"@executable_path/Frameworks",
					"@loader_path/Frameworks",
				);
				PRODUCT_BUNDLE_IDENTIFIER = app.kikawa.tatsuomi.TechtaGramTests;
				PRODUCT_NAME = "$(TARGET_NAME)";
				SWIFT_VERSION = 5.0;
				TARGETED_DEVICE_FAMILY = "1,2";
				TEST_HOST = "$(BUILT_PRODUCTS_DIR)/TechtaGram.app/TechtaGram";
			};
			name = Release;
		};
		6820592D2516F54A003F9BB5 /* Debug */ = {
			isa = XCBuildConfiguration;
			buildSettings = {
				ALWAYS_EMBED_SWIFT_STANDARD_LIBRARIES = YES;
				CODE_SIGN_STYLE = Automatic;
				INFOPLIST_FILE = TechtaGramUITests/Info.plist;
				LD_RUNPATH_SEARCH_PATHS = (
					"$(inherited)",
					"@executable_path/Frameworks",
					"@loader_path/Frameworks",
				);
				PRODUCT_BUNDLE_IDENTIFIER = app.kikawa.tatsuomi.TechtaGramUITests;
				PRODUCT_NAME = "$(TARGET_NAME)";
				SWIFT_VERSION = 5.0;
				TARGETED_DEVICE_FAMILY = "1,2";
				TEST_TARGET_NAME = TechtaGram;
			};
			name = Debug;
		};
		6820592E2516F54A003F9BB5 /* Release */ = {
			isa = XCBuildConfiguration;
			buildSettings = {
				ALWAYS_EMBED_SWIFT_STANDARD_LIBRARIES = YES;
				CODE_SIGN_STYLE = Automatic;
				INFOPLIST_FILE = TechtaGramUITests/Info.plist;
				LD_RUNPATH_SEARCH_PATHS = (
					"$(inherited)",
					"@executable_path/Frameworks",
					"@loader_path/Frameworks",
				);
				PRODUCT_BUNDLE_IDENTIFIER = app.kikawa.tatsuomi.TechtaGramUITests;
				PRODUCT_NAME = "$(TARGET_NAME)";
				SWIFT_VERSION = 5.0;
				TARGETED_DEVICE_FAMILY = "1,2";
				TEST_TARGET_NAME = TechtaGram;
			};
			name = Release;
		};
/* End XCBuildConfiguration section */

/* Begin XCConfigurationList section */
		682058F72516F548003F9BB5 /* Build configuration list for PBXProject "TechtaGram" */ = {
			isa = XCConfigurationList;
			buildConfigurations = (
				682059242516F54A003F9BB5 /* Debug */,
				682059252516F54A003F9BB5 /* Release */,
			);
			defaultConfigurationIsVisible = 0;
			defaultConfigurationName = Release;
		};
		682059262516F54A003F9BB5 /* Build configuration list for PBXNativeTarget "TechtaGram" */ = {
			isa = XCConfigurationList;
			buildConfigurations = (
				682059272516F54A003F9BB5 /* Debug */,
				682059282516F54A003F9BB5 /* Release */,
			);
			defaultConfigurationIsVisible = 0;
			defaultConfigurationName = Release;
		};
		682059292516F54A003F9BB5 /* Build configuration list for PBXNativeTarget "TechtaGramTests" */ = {
			isa = XCConfigurationList;
			buildConfigurations = (
				6820592A2516F54A003F9BB5 /* Debug */,
				6820592B2516F54A003F9BB5 /* Release */,
			);
			defaultConfigurationIsVisible = 0;
			defaultConfigurationName = Release;
		};
		6820592C2516F54A003F9BB5 /* Build configuration list for PBXNativeTarget "TechtaGramUITests" */ = {
			isa = XCConfigurationList;
			buildConfigurations = (
				6820592D2516F54A003F9BB5 /* Debug */,
				6820592E2516F54A003F9BB5 /* Release */,
			);
			defaultConfigurationIsVisible = 0;
			defaultConfigurationName = Release;
		};
/* End XCConfigurationList section */
	};
	rootObject = 682058F42516F548003F9BB5 /* Project object */;
}
